
Microsoft Visual Studio Solution File, Format Version 12.00
# Visual Studio 15
VisualStudioVersion = 15.0.28010.2026
MinimumVisualStudioVersion = 10.0.40219.1
Project("{FAE04EC0-301F-11D3-BF4B-00C04F79EFBC}") = "WebProgrammeCalcul", "WebProgrammeCalcul\WebProgrammeCalcul.csproj", "{13661881-8410-4C71-9DB9-0D2A7D45427E}"
EndProject
Global
	GlobalSection(SolutionConfigurationPlatforms) = preSolution
		Debug|Any CPU = Debug|Any CPU
		Release|Any CPU = Release|Any CPU
	EndGlobalSection
	GlobalSection(ProjectConfigurationPlatforms) = postSolution
		{13661881-8410-4C71-9DB9-0D2A7D45427E}.Debug|Any CPU.ActiveCfg = Debug|Any CPU
		{13661881-8410-4C71-9DB9-0D2A7D45427E}.Debug|Any CPU.Build.0 = Debug|Any CPU
		{13661881-8410-4C71-9DB9-0D2A7D45427E}.Release|Any CPU.ActiveCfg = Release|Any CPU
		{13661881-8410-4C71-9DB9-0D2A7D45427E}.Release|Any CPU.Build.0 = Release|Any CPU
	EndGlobalSection
	GlobalSection(SolutionProperties) = preSolution
		HideSolutionNode = FALSE
	EndGlobalSection
	GlobalSection(ExtensibilityGlobals) = postSolution
		SolutionGuid = {83B222A4-70A2-44E8-8CD3-474C283F890C}
	EndGlobalSection
EndGlobal
